{
  "lockfileVersion": 1,
  "configVersion": 1,
  "workspaces": {
    "": {
      "name": "tweetapus",
      "dependencies": {
        "@cap.js/server": "^4.0.4",
        "@elysiajs/jwt": "^1.4.0",
        "@elysiajs/openapi": "^1.4.11",
        "@elysiajs/static": "^1.4.7",
        "@simplewebauthn/server": "^13.2.2",
        "elysia-rate-limit": "^4.4.2",
        "fflate": "^0.8.2",
        "web-push": "^3.6.7",
      },
      "devDependencies": {
        "@biomejs/biome": "^2.3.8",
        "@types/bun": "latest",
      },
    },
  },
  "packages": {
    "@alloc/quick-lru": ["@alloc/quick-lru@5.2.0", "", {}, "sha512-UrcABB+4bUrFABwbluTIBErXwvbsU/V7TZWfmbgJfbkwiBuziS9gxdODUyuiecfdGQ85jglMW6juS3+z5TsKLw=="],

    "@biomejs/biome": ["@biomejs/biome@2.3.8", "", { "optionalDependencies": { "@biomejs/cli-darwin-arm64": "2.3.8", "@biomejs/cli-darwin-x64": "2.3.8", "@biomejs/cli-linux-arm64": "2.3.8", "@biomejs/cli-linux-arm64-musl": "2.3.8", "@biomejs/cli-linux-x64": "2.3.8", "@biomejs/cli-linux-x64-musl": "2.3.8", "@biomejs/cli-win32-arm64": "2.3.8", "@biomejs/cli-win32-x64": "2.3.8" }, "bin": { "biome": "bin/biome" } }, "sha512-Qjsgoe6FEBxWAUzwFGFrB+1+M8y/y5kwmg5CHac+GSVOdmOIqsAiXM5QMVGZJ1eCUCLlPZtq4aFAQ0eawEUuUA=="],

    "@biomejs/cli-darwin-arm64": ["@biomejs/cli-darwin-arm64@2.3.8", "", { "os": "darwin", "cpu": "arm64" }, "sha512-HM4Zg9CGQ3txTPflxD19n8MFPrmUAjaC7PQdLkugeeC0cQ+PiVrd7i09gaBS/11QKsTDBJhVg85CEIK9f50Qww=="],

    "@biomejs/cli-darwin-x64": ["@biomejs/cli-darwin-x64@2.3.8", "", { "os": "darwin", "cpu": "x64" }, "sha512-lUDQ03D7y/qEao7RgdjWVGCu+BLYadhKTm40HkpJIi6kn8LSv5PAwRlew/DmwP4YZ9ke9XXoTIQDO1vAnbRZlA=="],

    "@biomejs/cli-linux-arm64": ["@biomejs/cli-linux-arm64@2.3.8", "", { "os": "linux", "cpu": "arm64" }, "sha512-Uo1OJnIkJgSgF+USx970fsM/drtPcQ39I+JO+Fjsaa9ZdCN1oysQmy6oAGbyESlouz+rzEckLTF6DS7cWse95g=="],

    "@biomejs/cli-linux-arm64-musl": ["@biomejs/cli-linux-arm64-musl@2.3.8", "", { "os": "linux", "cpu": "arm64" }, "sha512-PShR4mM0sjksUMyxbyPNMxoKFPVF48fU8Qe8Sfx6w6F42verbwRLbz+QiKNiDPRJwUoMG1nPM50OBL3aOnTevA=="],

    "@biomejs/cli-linux-x64": ["@biomejs/cli-linux-x64@2.3.8", "", { "os": "linux", "cpu": "x64" }, "sha512-QDPMD5bQz6qOVb3kiBui0zKZXASLo0NIQ9JVJio5RveBEFgDgsvJFUvZIbMbUZT3T00M/1wdzwWXk4GIh0KaAw=="],

    "@biomejs/cli-linux-x64-musl": ["@biomejs/cli-linux-x64-musl@2.3.8", "", { "os": "linux", "cpu": "x64" }, "sha512-YGLkqU91r1276uwSjiUD/xaVikdxgV1QpsicT0bIA1TaieM6E5ibMZeSyjQ/izBn4tKQthUSsVZacmoJfa3pDA=="],

    "@biomejs/cli-win32-arm64": ["@biomejs/cli-win32-arm64@2.3.8", "", { "os": "win32", "cpu": "arm64" }, "sha512-H4IoCHvL1fXKDrTALeTKMiE7GGWFAraDwBYFquE/L/5r1927Te0mYIGseXi4F+lrrwhSWbSGt5qPFswNoBaCxg=="],

    "@biomejs/cli-win32-x64": ["@biomejs/cli-win32-x64@2.3.8", "", { "os": "win32", "cpu": "x64" }, "sha512-RguzimPoZWtBapfKhKjcWXBVI91tiSprqdBYu7tWhgN8pKRZhw24rFeNZTNf6UiBfjCYCi9eFQs/JzJZIhuK4w=="],

    "@borewit/text-codec": ["@borewit/text-codec@0.1.1", "", {}, "sha512-5L/uBxmjaCIX5h8Z+uu+kA9BQLkc/Wl06UGR5ajNRxu+/XjonB5i8JpgFMrPj3LXTCPA0pv8yxUvbUi+QthGGA=="],

    "@cap.js/server": ["@cap.js/server@4.0.4", "", { "dependencies": { "@types/node": "^22.14.1", "typescript": "^5.8.3" } }, "sha512-7InCRTcd47c3i4fy4s/NRK/UCH/Vgs/65StDqT7Otwrj7ZD7Iht/3VyAv/9IRoYA1pqo9k48vajhC8qNmk5nJQ=="],

    "@elysiajs/jwt": ["@elysiajs/jwt@1.4.0", "", { "dependencies": { "jose": "^6.0.11" }, "peerDependencies": { "elysia": ">= 1.4.0" } }, "sha512-Z0PvZhQxdDeKZ8HslXzDoXXD83NKExNPmoiAPki3nI2Xvh5wtUrBH+zWOD17yP14IbRo8fxGj3L25MRCAPsgPA=="],

    "@elysiajs/openapi": ["@elysiajs/openapi@1.4.11", "", { "peerDependencies": { "elysia": ">= 1.4.0" } }, "sha512-d75bMxYJpN6qSDi/z9L1S7SLk1S/8Px+cTb3W2lrYzU8uQ5E0kXdy1oOMJEfTyVsz3OA19NP9KNxE7ztSbLBLg=="],

    "@elysiajs/static": ["@elysiajs/static@1.4.7", "", { "peerDependencies": { "elysia": ">= 1.4.0" } }, "sha512-Go4kIXZ0G3iWfkAld07HmLglqIDMVXdyRKBQK/sVEjtpDdjHNb+rUIje73aDTWpZYg4PEVHUpi9v4AlNEwrQug=="],

    "@hexagon/base64": ["@hexagon/base64@1.1.28", "", {}, "sha512-lhqDEAvWixy3bZ+UOYbPwUbBkwBq5C1LAJ/xPC8Oi+lL54oyakv/npbA0aU2hgCsx/1NUd4IBvV03+aUBWxerw=="],

    "@levischuck/tiny-cbor": ["@levischuck/tiny-cbor@0.2.11", "", {}, "sha512-llBRm4dT4Z89aRsm6u2oEZ8tfwL/2l6BwpZ7JcyieouniDECM5AqNgr/y08zalEIvW3RSK4upYyybDcmjXqAow=="],

    "@peculiar/asn1-android": ["@peculiar/asn1-android@2.6.0", "", { "dependencies": { "@peculiar/asn1-schema": "^2.6.0", "asn1js": "^3.0.6", "tslib": "^2.8.1" } }, "sha512-cBRCKtYPF7vJGN76/yG8VbxRcHLPF3HnkoHhKOZeHpoVtbMYfY9ROKtH3DtYUY9m8uI1Mh47PRhHf2hSK3xcSQ=="],

    "@peculiar/asn1-cms": ["@peculiar/asn1-cms@2.6.0", "", { "dependencies": { "@peculiar/asn1-schema": "^2.6.0", "@peculiar/asn1-x509": "^2.6.0", "@peculiar/asn1-x509-attr": "^2.6.0", "asn1js": "^3.0.6", "tslib": "^2.8.1" } }, "sha512-2uZqP+ggSncESeUF/9Su8rWqGclEfEiz1SyU02WX5fUONFfkjzS2Z/F1Li0ofSmf4JqYXIOdCAZqIXAIBAT1OA=="],

    "@peculiar/asn1-csr": ["@peculiar/asn1-csr@2.6.0", "", { "dependencies": { "@peculiar/asn1-schema": "^2.6.0", "@peculiar/asn1-x509": "^2.6.0", "asn1js": "^3.0.6", "tslib": "^2.8.1" } }, "sha512-BeWIu5VpTIhfRysfEp73SGbwjjoLL/JWXhJ/9mo4vXnz3tRGm+NGm3KNcRzQ9VMVqwYS2RHlolz21svzRXIHPQ=="],

    "@peculiar/asn1-ecc": ["@peculiar/asn1-ecc@2.6.0", "", { "dependencies": { "@peculiar/asn1-schema": "^2.6.0", "@peculiar/asn1-x509": "^2.6.0", "asn1js": "^3.0.6", "tslib": "^2.8.1" } }, "sha512-FF3LMGq6SfAOwUG2sKpPXblibn6XnEIKa+SryvUl5Pik+WR9rmRA3OCiwz8R3lVXnYnyRkSZsSLdml8H3UiOcw=="],

    "@peculiar/asn1-pfx": ["@peculiar/asn1-pfx@2.6.0", "", { "dependencies": { "@peculiar/asn1-cms": "^2.6.0", "@peculiar/asn1-pkcs8": "^2.6.0", "@peculiar/asn1-rsa": "^2.6.0", "@peculiar/asn1-schema": "^2.6.0", "asn1js": "^3.0.6", "tslib": "^2.8.1" } }, "sha512-rtUvtf+tyKGgokHHmZzeUojRZJYPxoD/jaN1+VAB4kKR7tXrnDCA/RAWXAIhMJJC+7W27IIRGe9djvxKgsldCQ=="],

    "@peculiar/asn1-pkcs8": ["@peculiar/asn1-pkcs8@2.6.0", "", { "dependencies": { "@peculiar/asn1-schema": "^2.6.0", "@peculiar/asn1-x509": "^2.6.0", "asn1js": "^3.0.6", "tslib": "^2.8.1" } }, "sha512-KyQ4D8G/NrS7Fw3XCJrngxmjwO/3htnA0lL9gDICvEQ+GJ+EPFqldcJQTwPIdvx98Tua+WjkdKHSC0/Km7T+lA=="],

    "@peculiar/asn1-pkcs9": ["@peculiar/asn1-pkcs9@2.6.0", "", { "dependencies": { "@peculiar/asn1-cms": "^2.6.0", "@peculiar/asn1-pfx": "^2.6.0", "@peculiar/asn1-pkcs8": "^2.6.0", "@peculiar/asn1-schema": "^2.6.0", "@peculiar/asn1-x509": "^2.6.0", "@peculiar/asn1-x509-attr": "^2.6.0", "asn1js": "^3.0.6", "tslib": "^2.8.1" } }, "sha512-b78OQ6OciW0aqZxdzliXGYHASeCvvw5caqidbpQRYW2mBtXIX2WhofNXTEe7NyxTb0P6J62kAAWLwn0HuMF1Fw=="],

    "@peculiar/asn1-rsa": ["@peculiar/asn1-rsa@2.6.0", "", { "dependencies": { "@peculiar/asn1-schema": "^2.6.0", "@peculiar/asn1-x509": "^2.6.0", "asn1js": "^3.0.6", "tslib": "^2.8.1" } }, "sha512-Nu4C19tsrTsCp9fDrH+sdcOKoVfdfoQQ7S3VqjJU6vedR7tY3RLkQ5oguOIB3zFW33USDUuYZnPEQYySlgha4w=="],

    "@peculiar/asn1-schema": ["@peculiar/asn1-schema@2.6.0", "", { "dependencies": { "asn1js": "^3.0.6", "pvtsutils": "^1.3.6", "tslib": "^2.8.1" } }, "sha512-xNLYLBFTBKkCzEZIw842BxytQQATQv+lDTCEMZ8C196iJcJJMBUZxrhSTxLaohMyKK8QlzRNTRkUmanucnDSqg=="],

    "@peculiar/asn1-x509": ["@peculiar/asn1-x509@2.6.0", "", { "dependencies": { "@peculiar/asn1-schema": "^2.6.0", "asn1js": "^3.0.6", "pvtsutils": "^1.3.6", "tslib": "^2.8.1" } }, "sha512-uzYbPEpoQiBoTq0/+jZtpM6Gq6zADBx+JNFP3yqRgziWBxQ/Dt/HcuvRfm9zJTPdRcBqPNdaRHTVwpyiq6iNMA=="],

    "@peculiar/asn1-x509-attr": ["@peculiar/asn1-x509-attr@2.6.0", "", { "dependencies": { "@peculiar/asn1-schema": "^2.6.0", "@peculiar/asn1-x509": "^2.6.0", "asn1js": "^3.0.6", "tslib": "^2.8.1" } }, "sha512-MuIAXFX3/dc8gmoZBkwJWxUWOSvG4MMDntXhrOZpJVMkYX+MYc/rUAU2uJOved9iJEoiUx7//3D8oG83a78UJA=="],

    "@peculiar/x509": ["@peculiar/x509@1.14.2", "", { "dependencies": { "@peculiar/asn1-cms": "^2.6.0", "@peculiar/asn1-csr": "^2.6.0", "@peculiar/asn1-ecc": "^2.6.0", "@peculiar/asn1-pkcs9": "^2.6.0", "@peculiar/asn1-rsa": "^2.6.0", "@peculiar/asn1-schema": "^2.6.0", "@peculiar/asn1-x509": "^2.6.0", "pvtsutils": "^1.3.6", "reflect-metadata": "^0.2.2", "tslib": "^2.8.1", "tsyringe": "^4.10.0" } }, "sha512-r2w1Hg6pODDs0zfAKHkSS5HLkOLSeburtcgwvlLLWWCixw+MmW3U6kD5ddyvc2Y2YdbGuVwCF2S2ASoU1cFAag=="],

    "@simplewebauthn/server": ["@simplewebauthn/server@13.2.2", "", { "dependencies": { "@hexagon/base64": "^1.1.27", "@levischuck/tiny-cbor": "^0.2.2", "@peculiar/asn1-android": "^2.3.10", "@peculiar/asn1-ecc": "^2.3.8", "@peculiar/asn1-rsa": "^2.3.8", "@peculiar/asn1-schema": "^2.3.8", "@peculiar/asn1-x509": "^2.3.8", "@peculiar/x509": "^1.13.0" } }, "sha512-HcWLW28yTMGXpwE9VLx9J+N2KEUaELadLrkPEEI9tpI5la70xNEVEsu/C+m3u7uoq4FulLqZQhgBCzR9IZhFpA=="],

    "@sinclair/typebox": ["@sinclair/typebox@0.34.41", "", {}, "sha512-6gS8pZzSXdyRHTIqoqSVknxolr1kzfy4/CeDnrzsVz8TTIWUbOBr6gnzOmTYJ3eXQNh4IYHIGi5aIL7sOZ2G/g=="],

    "@tokenizer/inflate": ["@tokenizer/inflate@0.4.1", "", { "dependencies": { "debug": "^4.4.3", "token-types": "^6.1.1" } }, "sha512-2mAv+8pkG6GIZiF1kNg1jAjh27IDxEPKwdGul3snfztFerfPGI1LjDezZp3i7BElXompqEtPmoPx6c2wgtWsOA=="],

    "@tokenizer/token": ["@tokenizer/token@0.3.0", "", {}, "sha512-OvjF+z51L3ov0OyAU0duzsYuvO01PH7x4t6DJx+guahgTnBHkhJdG7soQeTSFLWN3efnHyibZ4Z8l2EuWwJN3A=="],

    "@types/bun": ["@types/bun@1.3.3", "", { "dependencies": { "bun-types": "1.3.3" } }, "sha512-ogrKbJ2X5N0kWLLFKeytG0eHDleBYtngtlbu9cyBKFtNL3cnpDZkNdQj8flVf6WTZUX5ulI9AY1oa7ljhSrp+g=="],

    "@types/node": ["@types/node@22.19.1", "", { "dependencies": { "undici-types": "~6.21.0" } }, "sha512-LCCV0HdSZZZb34qifBsyWlUmok6W7ouER+oQIGBScS8EsZsQbrtFTUrDX4hOl+CS6p7cnNC4td+qrSVGSCTUfQ=="],

    "agent-base": ["agent-base@7.1.4", "", {}, "sha512-MnA+YT8fwfJPgBx3m60MNqakm30XOkyIoH1y6huTQvC0PwZG7ki8NacLBcrPbNoo8vEZy7Jpuk7+jMO+CUovTQ=="],

    "asn1.js": ["asn1.js@5.4.1", "", { "dependencies": { "bn.js": "^4.0.0", "inherits": "^2.0.1", "minimalistic-assert": "^1.0.0", "safer-buffer": "^2.1.0" } }, "sha512-+I//4cYPccV8LdmBLiX8CYvf9Sp3vQsrqu2QNXRcrbiWvcx/UdlFiqUJJzxRQxgsZmvhXhn4cSKeSmoFjVdupA=="],

    "asn1js": ["asn1js@3.0.6", "", { "dependencies": { "pvtsutils": "^1.3.6", "pvutils": "^1.1.3", "tslib": "^2.8.1" } }, "sha512-UOCGPYbl0tv8+006qks/dTgV9ajs97X2p0FAbyS2iyCRrmLSRolDaHdp+v/CLgnzHc3fVB+CwYiUmei7ndFcgA=="],

    "bn.js": ["bn.js@4.12.2", "", {}, "sha512-n4DSx829VRTRByMRGdjQ9iqsN0Bh4OolPsFnaZBLcbi8iXcB+kJ9s7EnRt4wILZNV3kPLHkRVfOc/HvhC3ovDw=="],

    "buffer-equal-constant-time": ["buffer-equal-constant-time@1.0.1", "", {}, "sha512-zRpUiDwd/xk6ADqPMATG8vc9VPrkck7T07OIx0gnjmJAnHnTVXNQG3vfvWNuiZIkwu9KrKdA1iJKfsfTVxE6NA=="],

    "bun-types": ["bun-types@1.3.3", "", { "dependencies": { "@types/node": "*" } }, "sha512-z3Xwlg7j2l9JY27x5Qn3Wlyos8YAp0kKRlrePAOjgjMGS5IG6E7Jnlx736vH9UVI4wUICwwhC9anYL++XeOgTQ=="],

    "cookie": ["cookie@1.1.1", "", {}, "sha512-ei8Aos7ja0weRpFzJnEA9UHJ/7XQmqglbRwnf2ATjcB9Wq874VKH9kfjjirM6UhU2/E5fFYadylyhFldcqSidQ=="],

    "debug": ["debug@4.3.4", "", { "dependencies": { "ms": "2.1.2" } }, "sha512-PRWFHuSU3eDtQJPvnNY7Jcket1j0t5OuOsFzPPzsekD52Zl8qUfFIPEiswXqIvHWGVHOgX+7G/vCNNhehwxfkQ=="],

    "ecdsa-sig-formatter": ["ecdsa-sig-formatter@1.0.11", "", { "dependencies": { "safe-buffer": "^5.0.1" } }, "sha512-nagl3RYrbNv6kQkeJIpt6NJZy8twLB/2vtz6yN9Z4vRKHN4/QZJIEbqohALSgwKdnksuY3k5Addp5lg8sVoVcQ=="],

    "elysia": ["elysia@1.4.16", "", { "dependencies": { "cookie": "^1.0.2", "exact-mirror": "0.2.3", "fast-decode-uri-component": "^1.0.1", "memoirist": "^0.4.0" }, "peerDependencies": { "@sinclair/typebox": ">= 0.34.0 < 1", "@types/bun": ">= 1.2.0", "file-type": ">= 20.0.0", "openapi-types": ">= 12.0.0", "typescript": ">= 5.0.0" }, "optionalPeers": ["@types/bun", "typescript"] }, "sha512-KZtKN160/bdWVKg2hEgyoNXY8jRRquc+m6PboyisaLZL891I+Ufb7Ja6lDAD7vMQur8sLEWIcidZOzj5lWw9UA=="],

    "elysia-rate-limit": ["elysia-rate-limit@4.4.2", "", { "dependencies": { "@alloc/quick-lru": "5.2.0", "debug": "4.3.4" }, "peerDependencies": { "elysia": ">= 1.0.0" } }, "sha512-zrtqk3BDsCZ6VhJDJMmpkGsSqs6ZFaYNU+wTHqqEprUxVa3wA5/QV9N/y1V0f34n9gz3Gpd8vlVe2CbKOWHCQA=="],

    "exact-mirror": ["exact-mirror@0.2.3", "", { "peerDependencies": { "@sinclair/typebox": "^0.34.15" }, "optionalPeers": ["@sinclair/typebox"] }, "sha512-aLdARfO0W0ntufjDyytUJQMbNXoB9g+BbA8KcgIq4XOOTYRw48yUGON/Pr64iDrYNZKcKvKbqE0MPW56FF2BXA=="],

    "fast-decode-uri-component": ["fast-decode-uri-component@1.0.1", "", {}, "sha512-WKgKWg5eUxvRZGwW8FvfbaH7AXSh2cL+3j5fMGzUMCxWBJ3dV3a7Wz8y2f/uQ0e3B6WmodD3oS54jTQ9HVTIIg=="],

    "fflate": ["fflate@0.8.2", "", {}, "sha512-cPJU47OaAoCbg0pBvzsgpTPhmhqI5eJjh/JIu8tPj5q+T7iLvW/JAYUqmE7KOB4R1ZyEhzBaIQpQpardBF5z8A=="],

    "file-type": ["file-type@21.1.1", "", { "dependencies": { "@tokenizer/inflate": "^0.4.1", "strtok3": "^10.3.4", "token-types": "^6.1.1", "uint8array-extras": "^1.4.0" } }, "sha512-ifJXo8zUqbQ/bLbl9sFoqHNTNWbnPY1COImFfM6CCy7z+E+jC1eY9YfOKkx0fckIg+VljAy2/87T61fp0+eEkg=="],

    "http_ece": ["http_ece@1.2.0", "", {}, "sha512-JrF8SSLVmcvc5NducxgyOrKXe3EsyHMgBFgSaIUGmArKe+rwr0uphRkRXvwiom3I+fpIfoItveHrfudL8/rxuA=="],

    "https-proxy-agent": ["https-proxy-agent@7.0.6", "", { "dependencies": { "agent-base": "^7.1.2", "debug": "4" } }, "sha512-vK9P5/iUfdl95AI+JVyUuIcVtd4ofvtrOr3HNtM2yxC9bnMbEdp3x01OhQNnjb8IJYi38VlTE3mBXwcfvywuSw=="],

    "ieee754": ["ieee754@1.2.1", "", {}, "sha512-dcyqhDvX1C46lXZcVqCpK+FtMRQVdIMN6/Df5js2zouUsqG7I6sFxitIC+7KYK29KdXOLHdu9zL4sFnoVQnqaA=="],

    "inherits": ["inherits@2.0.4", "", {}, "sha512-k/vGaX4/Yla3WzyMCvTQOXYeIHvqOKtnqBduzTHpzpQZzAskKMhZ2K+EnBiSM9zGSoIFeMpXKxa4dYeZIQqewQ=="],

    "jose": ["jose@6.1.2", "", {}, "sha512-MpcPtHLE5EmztuFIqB0vzHAWJPpmN1E6L4oo+kze56LIs3MyXIj9ZHMDxqOvkP38gBR7K1v3jqd4WU2+nrfONQ=="],

    "jwa": ["jwa@2.0.1", "", { "dependencies": { "buffer-equal-constant-time": "^1.0.1", "ecdsa-sig-formatter": "1.0.11", "safe-buffer": "^5.0.1" } }, "sha512-hRF04fqJIP8Abbkq5NKGN0Bbr3JxlQ+qhZufXVr0DvujKy93ZCbXZMHDL4EOtodSbCWxOqR8MS1tXA5hwqCXDg=="],

    "jws": ["jws@4.0.0", "", { "dependencies": { "jwa": "^2.0.0", "safe-buffer": "^5.0.1" } }, "sha512-KDncfTmOZoOMTFG4mBlG0qUIOlc03fmzH+ru6RgYVZhPkyiy/92Owlt/8UEN+a4TXR1FQetfIpJE8ApdvdVxTg=="],

    "memoirist": ["memoirist@0.4.0", "", {}, "sha512-zxTgA0mSYELa66DimuNQDvyLq36AwDlTuVRbnQtB+VuTcKWm5Qc4z3WkSpgsFWHNhexqkIooqpv4hdcqrX5Nmg=="],

    "minimalistic-assert": ["minimalistic-assert@1.0.1", "", {}, "sha512-UtJcAD4yEaGtjPezWuO9wC4nwUnVH/8/Im3yEHQP4b67cXlD/Qr9hdITCU1xDbSEXg2XKNaP8jsReV7vQd00/A=="],

    "minimist": ["minimist@1.2.8", "", {}, "sha512-2yyAR8qBkN3YuheJanUpWC5U3bb5osDywNB8RzDVlDwDHbocAJveqqj1u8+SVD7jkWT4yvsHCpWqqWqAxb0zCA=="],

    "ms": ["ms@2.1.2", "", {}, "sha512-sGkPx+VjMtmA6MX27oA4FBFELFCZZ4S4XqeGOXCv68tT+jb3vk/RyaKWP0PTKyWtmLSM0b+adUTEvbs1PEaH2w=="],

    "openapi-types": ["openapi-types@12.1.3", "", {}, "sha512-N4YtSYJqghVu4iek2ZUvcN/0aqH1kRDuNqzcycDxhOUpg7GdvLa2F3DgS6yBNhInhv2r/6I0Flkn7CqL8+nIcw=="],

    "pvtsutils": ["pvtsutils@1.3.6", "", { "dependencies": { "tslib": "^2.8.1" } }, "sha512-PLgQXQ6H2FWCaeRak8vvk1GW462lMxB5s3Jm673N82zI4vqtVUPuZdffdZbPDFRoU8kAhItWFtPCWiPpp4/EDg=="],

    "pvutils": ["pvutils@1.1.5", "", {}, "sha512-KTqnxsgGiQ6ZAzZCVlJH5eOjSnvlyEgx1m8bkRJfOhmGRqfo5KLvmAlACQkrjEtOQ4B7wF9TdSLIs9O90MX9xA=="],

    "reflect-metadata": ["reflect-metadata@0.2.2", "", {}, "sha512-urBwgfrvVP/eAyXx4hluJivBKzuEbSQs9rKWCrCkbSxNv8mxPcUZKeuoF3Uy4mJl3Lwprp6yy5/39VWigZ4K6Q=="],

    "safe-buffer": ["safe-buffer@5.2.1", "", {}, "sha512-rp3So07KcdmmKbGvgaNxQSJr7bGVSVk5S9Eq1F+ppbRo70+YeaDxkw5Dd8NPN+GD6bjnYm2VuPuCXmpuYvmCXQ=="],

    "safer-buffer": ["safer-buffer@2.1.2", "", {}, "sha512-YZo3K82SD7Riyi0E1EQPojLz7kpepnSQI9IyPbHHg1XXXevb5dJI7tpyN2ADxGcQbHG7vcyRHk0cbwqcQriUtg=="],

    "strtok3": ["strtok3@10.3.4", "", { "dependencies": { "@tokenizer/token": "^0.3.0" } }, "sha512-KIy5nylvC5le1OdaaoCJ07L+8iQzJHGH6pWDuzS+d07Cu7n1MZ2x26P8ZKIWfbK02+XIL8Mp4RkWeqdUCrDMfg=="],

    "token-types": ["token-types@6.1.1", "", { "dependencies": { "@borewit/text-codec": "^0.1.0", "@tokenizer/token": "^0.3.0", "ieee754": "^1.2.1" } }, "sha512-kh9LVIWH5CnL63Ipf0jhlBIy0UsrMj/NJDfpsy1SqOXlLKEVyXXYrnFxFT1yOOYVGBSApeVnjPw/sBz5BfEjAQ=="],

    "tslib": ["tslib@2.8.1", "", {}, "sha512-oJFu94HQb+KVduSUQL7wnpmqnfmLsOA/nAh6b6EH0wCEoK0/mPeXU6c3wKDV83MkOuHPRHtSXKKU99IBazS/2w=="],

    "tsyringe": ["tsyringe@4.10.0", "", { "dependencies": { "tslib": "^1.9.3" } }, "sha512-axr3IdNuVIxnaK5XGEUFTu3YmAQ6lllgrvqfEoR16g/HGnYY/6We4oWENtAnzK6/LpJ2ur9PAb80RBt7/U4ugw=="],

    "typescript": ["typescript@5.9.3", "", { "bin": { "tsc": "bin/tsc", "tsserver": "bin/tsserver" } }, "sha512-jl1vZzPDinLr9eUt3J/t7V6FgNEw9QjvBPdysz9KfQDD41fQrC2Y4vKQdiaUpFT4bXlb1RHhLpp8wtm6M5TgSw=="],

    "uint8array-extras": ["uint8array-extras@1.5.0", "", {}, "sha512-rvKSBiC5zqCCiDZ9kAOszZcDvdAHwwIKJG33Ykj43OKcWsnmcBRL09YTU4nOeHZ8Y2a7l1MgTd08SBe9A8Qj6A=="],

    "undici-types": ["undici-types@6.21.0", "", {}, "sha512-iwDZqg0QAGrg9Rav5H4n0M64c3mkR59cJ6wQp+7C4nI0gsmExaedaYLNO44eT4AtBBwjbTiGPMlt2Md0T9H9JQ=="],

    "web-push": ["web-push@3.6.7", "", { "dependencies": { "asn1.js": "^5.3.0", "http_ece": "1.2.0", "https-proxy-agent": "^7.0.0", "jws": "^4.0.0", "minimist": "^1.2.5" }, "bin": { "web-push": "src/cli.js" } }, "sha512-OpiIUe8cuGjrj3mMBFWY+e4MMIkW3SVT+7vEIjvD9kejGUypv8GPDf84JdPWskK8zMRIJ6xYGm+Kxr8YkPyA0A=="],

    "@tokenizer/inflate/debug": ["debug@4.4.3", "", { "dependencies": { "ms": "^2.1.3" } }, "sha512-RGwwWnwQvkVfavKVt22FGLw+xYSdzARwm0ru6DhTVA3umU5hZc28V3kO4stgYryrTlLpuvgI9GiijltAjNbcqA=="],

    "tsyringe/tslib": ["tslib@1.14.1", "", {}, "sha512-Xni35NKzjgMrwevysHTCArtLDpPvye8zV/0E4EyYn43P7/7qvQwPh9BGkHewbMulVntbigmcT7rdX3BNo9wRJg=="],

    "@tokenizer/inflate/debug/ms": ["ms@2.1.3", "", {}, "sha512-6FlzubTLZG3J2a/NVCAleEhjzq5oxgHyaCU9yYXvcLsvoVaHJq/s5xXI6/XXP6tz7R9xAOtHnSO/tXtF3WRTlA=="],
  }
}
